// !$*UTF8*$!
{
	archiveVersion = 1;
	classes = {
	};
	objectVersion = 48;
	objects = {

/* Begin PBXBuildFile section */
		A77AC2002052F8B900015817 /* AppDelegate.swift in Sources */ = {isa = PBXBuildFile; fileRef = A77AC1FF2052F8B900015817 /* AppDelegate.swift */; };
		A77AC2052052F8B900015817 /* Main.storyboard in Resources */ = {isa = PBXBuildFile; fileRef = A77AC2032052F8B900015817 /* Main.storyboard */; };
		A77AC2072052F8B900015817 /* Assets.xcassets in Resources */ = {isa = PBXBuildFile; fileRef = A77AC2062052F8B900015817 /* Assets.xcassets */; };
		A77AC20A2052F8B900015817 /* LaunchScreen.storyboard in Resources */ = {isa = PBXBuildFile; fileRef = A77AC2082052F8B900015817 /* LaunchScreen.storyboard */; };
		A77AC2152052F8BA00015817 /* Rock_TracksTests.swift in Sources */ = {isa = PBXBuildFile; fileRef = A77AC2142052F8BA00015817 /* Rock_TracksTests.swift */; };
		A77AC2202052F8BA00015817 /* Rock_TracksUITests.swift in Sources */ = {isa = PBXBuildFile; fileRef = A77AC21F2052F8BA00015817 /* Rock_TracksUITests.swift */; };
		A77AC22F2052F90600015817 /* Constant.swift in Sources */ = {isa = PBXBuildFile; fileRef = A77AC22E2052F90600015817 /* Constant.swift */; };
		A77AC2332052F93E00015817 /* TrackDetailViewController.swift in Sources */ = {isa = PBXBuildFile; fileRef = A77AC2312052F93E00015817 /* TrackDetailViewController.swift */; };
		A77AC2342052F93E00015817 /* TrackViewController.swift in Sources */ = {isa = PBXBuildFile; fileRef = A77AC2322052F93E00015817 /* TrackViewController.swift */; };
		A77AC2382052F97100015817 /* JsonSerialization.swift in Sources */ = {isa = PBXBuildFile; fileRef = A77AC2362052F97100015817 /* JsonSerialization.swift */; };
		A77AC2392052F97100015817 /* ServiceManager.swift in Sources */ = {isa = PBXBuildFile; fileRef = A77AC2372052F97100015817 /* ServiceManager.swift */; };
		A77AC23C2052F99E00015817 /* Track.swift in Sources */ = {isa = PBXBuildFile; fileRef = A77AC23B2052F99E00015817 /* Track.swift */; };
		A77AC23F2052FAA200015817 /* TrackCell.swift in Sources */ = {isa = PBXBuildFile; fileRef = A77AC23E2052FAA200015817 /* TrackCell.swift */; };
/* End PBXBuildFile section */

/* Begin PBXContainerItemProxy section */
		A77AC2112052F8BA00015817 /* PBXContainerItemProxy */ = {
			isa = PBXContainerItemProxy;
			containerPortal = A77AC1F42052F8B900015817 /* Project object */;
			proxyType = 1;
			remoteGlobalIDString = A77AC1FB2052F8B900015817;
			remoteInfo = "Rock Tracks";
		};
		A77AC21C2052F8BA00015817 /* PBXContainerItemProxy */ = {
			isa = PBXContainerItemProxy;
			containerPortal = A77AC1F42052F8B900015817 /* Project object */;
			proxyType = 1;
			remoteGlobalIDString = A77AC1FB2052F8B900015817;
			remoteInfo = "Rock Tracks";
		};
/* End PBXContainerItemProxy section */

/* Begin PBXFileReference section */
		A77AC1FC2052F8B900015817 /* Rock Tracks.app */ = {isa = PBXFileReference; explicitFileType = wrapper.application; includeInIndex = 0; path = "Rock Tracks.app"; sourceTree = BUILT_PRODUCTS_DIR; };
		A77AC1FF2052F8B900015817 /* AppDelegate.swift */ = {isa = PBXFileReference; lastKnownFileType = sourcecode.swift; path = AppDelegate.swift; sourceTree = "<group>"; };
		A77AC2042052F8B900015817 /* Base */ = {isa = PBXFileReference; lastKnownFileType = file.storyboard; name = Base; path = Base.lproj/Main.storyboard; sourceTree = "<group>"; };
		A77AC2062052F8B900015817 /* Assets.xcassets */ = {isa = PBXFileReference; lastKnownFileType = folder.assetcatalog; path = Assets.xcassets; sourceTree = "<group>"; };
		A77AC2092052F8B900015817 /* Base */ = {isa = PBXFileReference; lastKnownFileType = file.storyboard; name = Base; path = Base.lproj/LaunchScreen.storyboard; sourceTree = "<group>"; };
		A77AC20B2052F8B900015817 /* Info.plist */ = {isa = PBXFileReference; lastKnownFileType = text.plist.xml; path = Info.plist; sourceTree = "<group>"; };
		A77AC2102052F8BA00015817 /* Rock TracksTests.xctest */ = {isa = PBXFileReference; explicitFileType = wrapper.cfbundle; includeInIndex = 0; path = "Rock TracksTests.xctest"; sourceTree = BUILT_PRODUCTS_DIR; };
		A77AC2142052F8BA00015817 /* Rock_TracksTests.swift */ = {isa = PBXFileReference; lastKnownFileType = sourcecode.swift; path = Rock_TracksTests.swift; sourceTree = "<group>"; };
		A77AC2162052F8BA00015817 /* Info.plist */ = {isa = PBXFileReference; lastKnownFileType = text.plist.xml; path = Info.plist; sourceTree = "<group>"; };
		A77AC21B2052F8BA00015817 /* Rock TracksUITests.xctest */ = {isa = PBXFileReference; explicitFileType = wrapper.cfbundle; includeInIndex = 0; path = "Rock TracksUITests.xctest"; sourceTree = BUILT_PRODUCTS_DIR; };
		A77AC21F2052F8BA00015817 /* Rock_TracksUITests.swift */ = {isa = PBXFileReference; lastKnownFileType = sourcecode.swift; path = Rock_TracksUITests.swift; sourceTree = "<group>"; };
		A77AC2212052F8BA00015817 /* Info.plist */ = {isa = PBXFileReference; lastKnownFileType = text.plist.xml; path = Info.plist; sourceTree = "<group>"; };
		A77AC22E2052F90600015817 /* Constant.swift */ = {isa = PBXFileReference; fileEncoding = 4; lastKnownFileType = sourcecode.swift; path = Constant.swift; sourceTree = "<group>"; };
		A77AC2312052F93E00015817 /* TrackDetailViewController.swift */ = {isa = PBXFileReference; fileEncoding = 4; lastKnownFileType = sourcecode.swift; path = TrackDetailViewController.swift; sourceTree = "<group>"; };
		A77AC2322052F93E00015817 /* TrackViewController.swift */ = {isa = PBXFileReference; fileEncoding = 4; lastKnownFileType = sourcecode.swift; path = TrackViewController.swift; sourceTree = "<group>"; };
		A77AC2362052F97100015817 /* JsonSerialization.swift */ = {isa = PBXFileReference; fileEncoding = 4; lastKnownFileType = sourcecode.swift; path = JsonSerialization.swift; sourceTree = "<group>"; };
		A77AC2372052F97100015817 /* ServiceManager.swift */ = {isa = PBXFileReference; fileEncoding = 4; lastKnownFileType = sourcecode.swift; path = ServiceManager.swift; sourceTree = "<group>"; };
		A77AC23B2052F99E00015817 /* Track.swift */ = {isa = PBXFileReference; fileEncoding = 4; lastKnownFileType = sourcecode.swift; path = Track.swift; sourceTree = "<group>"; };
		A77AC23E2052FAA200015817 /* TrackCell.swift */ = {isa = PBXFileReference; fileEncoding = 4; lastKnownFileType = sourcecode.swift; path = TrackCell.swift; sourceTree = "<group>"; };
/* End PBXFileReference section */

/* Begin PBXFrameworksBuildPhase section */
		A77AC1F92052F8B900015817 /* Frameworks */ = {
			isa = PBXFrameworksBuildPhase;
			buildActionMask = 2147483647;
			files = (
			);
			runOnlyForDeploymentPostprocessing = 0;
		};
		A77AC20D2052F8BA00015817 /* Frameworks */ = {
			isa = PBXFrameworksBuildPhase;
			buildActionMask = 2147483647;
			files = (
			);
			runOnlyForDeploymentPostprocessing = 0;
		};
		A77AC2182052F8BA00015817 /* Frameworks */ = {
			isa = PBXFrameworksBuildPhase;
			buildActionMask = 2147483647;
			files = (
			);
			runOnlyForDeploymentPostprocessing = 0;
		};
/* End PBXFrameworksBuildPhase section */

/* Begin PBXGroup section */
		A77AC1F32052F8B900015817 = {
			isa = PBXGroup;
			children = (
				A77AC1FE2052F8B900015817 /* Rock Tracks */,
				A77AC2132052F8BA00015817 /* Rock TracksTests */,
				A77AC21E2052F8BA00015817 /* Rock TracksUITests */,
				A77AC1FD2052F8B900015817 /* Products */,
			);
			sourceTree = "<group>";
		};
		A77AC1FD2052F8B900015817 /* Products */ = {
			isa = PBXGroup;
			children = (
				A77AC1FC2052F8B900015817 /* Rock Tracks.app */,
				A77AC2102052F8BA00015817 /* Rock TracksTests.xctest */,
				A77AC21B2052F8BA00015817 /* Rock TracksUITests.xctest */,
			);
			name = Products;
			sourceTree = "<group>";
		};
		A77AC1FE2052F8B900015817 /* Rock Tracks */ = {
			isa = PBXGroup;
			children = (
				A77AC23D2052F9B000015817 /* CustomCell */,
				A77AC23A2052F97900015817 /* Modal */,
				A77AC2352052F94800015817 /* WebserviceClass */,
				A77AC2302052F92600015817 /* ViewController */,
				A77AC22D2052F8E200015817 /* Constant */,
				A77AC1FF2052F8B900015817 /* AppDelegate.swift */,
				A77AC2032052F8B900015817 /* Main.storyboard */,
				A77AC2062052F8B900015817 /* Assets.xcassets */,
				A77AC2082052F8B900015817 /* LaunchScreen.storyboard */,
				A77AC20B2052F8B900015817 /* Info.plist */,
			);
			path = "Rock Tracks";
			sourceTree = "<group>";
		};
		A77AC2132052F8BA00015817 /* Rock TracksTests */ = {
			isa = PBXGroup;
			children = (
				A77AC2142052F8BA00015817 /* Rock_TracksTests.swift */,
				A77AC2162052F8BA00015817 /* Info.plist */,
			);
			path = "Rock TracksTests";
			sourceTree = "<group>";
		};
		A77AC21E2052F8BA00015817 /* Rock TracksUITests */ = {
			isa = PBXGroup;
			children = (
				A77AC21F2052F8BA00015817 /* Rock_TracksUITests.swift */,
				A77AC2212052F8BA00015817 /* Info.plist */,
			);
			path = "Rock TracksUITests";
			sourceTree = "<group>";
		};
		A77AC22D2052F8E200015817 /* Constant */ = {
			isa = PBXGroup;
			children = (
				A77AC22E2052F90600015817 /* Constant.swift */,
			);
			path = Constant;
			sourceTree = "<group>";
		};
		A77AC2302052F92600015817 /* ViewController */ = {
			isa = PBXGroup;
			children = (
				A77AC2312052F93E00015817 /* TrackDetailViewController.swift */,
				A77AC2322052F93E00015817 /* TrackViewController.swift */,
			);
			path = ViewController;
			sourceTree = "<group>";
		};
		A77AC2352052F94800015817 /* WebserviceClass */ = {
			isa = PBXGroup;
			children = (
				A77AC2362052F97100015817 /* JsonSerialization.swift */,
				A77AC2372052F97100015817 /* ServiceManager.swift */,
			);
			path = WebserviceClass;
			sourceTree = "<group>";
		};
		A77AC23A2052F97900015817 /* Modal */ = {
			isa = PBXGroup;
			children = (
				A77AC23B2052F99E00015817 /* Track.swift */,
			);
			path = Modal;
			sourceTree = "<group>";
		};
		A77AC23D2052F9B000015817 /* CustomCell */ = {
			isa = PBXGroup;
			children = (
				A77AC23E2052FAA200015817 /* TrackCell.swift */,
			);
			path = CustomCell;
			sourceTree = "<group>";
		};
/* End PBXGroup section */

/* Begin PBXNativeTarget section */
		A77AC1FB2052F8B900015817 /* Rock Tracks */ = {
			isa = PBXNativeTarget;
			buildConfigurationList = A77AC2242052F8BA00015817 /* Build configuration list for PBXNativeTarget "Rock Tracks" */;
			buildPhases = (
				A77AC1F82052F8B900015817 /* Sources */,
				A77AC1F92052F8B900015817 /* Frameworks */,
				A77AC1FA2052F8B900015817 /* Resources */,
			);
			buildRules = (
			);
			dependencies = (
			);
			name = "Rock Tracks";
			productName = "Rock Tracks";
			productReference = A77AC1FC2052F8B900015817 /* Rock Tracks.app */;
			productType = "com.apple.product-type.application";
		};
		A77AC20F2052F8BA00015817 /* Rock TracksTests */ = {
			isa = PBXNativeTarget;
			buildConfigurationList = A77AC2272052F8BA00015817 /* Build configuration list for PBXNativeTarget "Rock TracksTests" */;
			buildPhases = (
				A77AC20C2052F8BA00015817 /* Sources */,
				A77AC20D2052F8BA00015817 /* Frameworks */,
				A77AC20E2052F8BA00015817 /* Resources */,
			);
			buildRules = (
			);
			dependencies = (
				A77AC2122052F8BA00015817 /* PBXTargetDependency */,
			);
			name = "Rock TracksTests";
			productName = "Rock TracksTests";
			productReference = A77AC2102052F8BA00015817 /* Rock TracksTests.xctest */;
			productType = "com.apple.product-type.bundle.unit-test";
		};
		A77AC21A2052F8BA00015817 /* Rock TracksUITests */ = {
			isa = PBXNativeTarget;
			buildConfigurationList = A77AC22A2052F8BA00015817 /* Build configuration list for PBXNativeTarget "Rock TracksUITests" */;
			buildPhases = (
				A77AC2172052F8BA00015817 /* Sources */,
				A77AC2182052F8BA00015817 /* Frameworks */,
				A77AC2192052F8BA00015817 /* Resources */,
			);
			buildRules = (
			);
			dependencies = (
				A77AC21D2052F8BA00015817 /* PBXTargetDependency */,
			);
			name = "Rock TracksUITests";
			productName = "Rock TracksUITests";
			productReference = A77AC21B2052F8BA00015817 /* Rock TracksUITests.xctest */;
			productType = "com.apple.product-type.bundle.ui-testing";
		};
/* End PBXNativeTarget section */

/* Begin PBXProject section */
		A77AC1F42052F8B900015817 /* Project object */ = {
			isa = PBXProject;
			attributes = {
				LastSwiftUpdateCheck = 0920;
				LastUpgradeCheck = 0920;
				ORGANIZATIONNAME = "shikha ";
				TargetAttributes = {
					A77AC1FB2052F8B900015817 = {
						CreatedOnToolsVersion = 9.2;
						ProvisioningStyle = Manual;
					};
					A77AC20F2052F8BA00015817 = {
						CreatedOnToolsVersion = 9.2;
						ProvisioningStyle = Automatic;
						TestTargetID = A77AC1FB2052F8B900015817;
					};
					A77AC21A2052F8BA00015817 = {
						CreatedOnToolsVersion = 9.2;
						ProvisioningStyle = Automatic;
						TestTargetID = A77AC1FB2052F8B900015817;
					};
				};
			};
			buildConfigurationList = A77AC1F72052F8B900015817 /* Build configuration list for PBXProject "Rock Tracks" */;
			compatibilityVersion = "Xcode 8.0";
			developmentRegion = en;
			hasScannedForEncodings = 0;
			knownRegions = (
				en,
				Base,
			);
			mainGroup = A77AC1F32052F8B900015817;
			productRefGroup = A77AC1FD2052F8B900015817 /* Products */;
			projectDirPath = "";
			projectRoot = "";
			targets = (
				A77AC1FB2052F8B900015817 /* Rock Tracks */,
				A77AC20F2052F8BA00015817 /* Rock TracksTests */,
				A77AC21A2052F8BA00015817 /* Rock TracksUITests */,
			);
		};
/* End PBXProject section */

/* Begin PBXResourcesBuildPhase section */
		A77AC1FA2052F8B900015817 /* Resources */ = {
			isa = PBXResourcesBuildPhase;
			buildActionMask = 2147483647;
			files = (
				A77AC20A2052F8B900015817 /* LaunchScreen.storyboard in Resources */,
				A77AC2072052F8B900015817 /* Assets.xcassets in Resources */,
				A77AC2052052F8B900015817 /* Main.storyboard in Resources */,
			);
			runOnlyForDeploymentPostprocessing = 0;
		};
		A77AC20E2052F8BA00015817 /* Resources */ = {
			isa = PBXResourcesBuildPhase;
			buildActionMask = 2147483647;
			files = (
			);
			runOnlyForDeploymentPostprocessing = 0;
		};
		A77AC2192052F8BA00015817 /* Resources */ = {
			isa = PBXResourcesBuildPhase;
			buildActionMask = 2147483647;
			files = (
			);
			runOnlyForDeploymentPostprocessing = 0;
		};
/* End PBXResourcesBuildPhase section */

/* Begin PBXSourcesBuildPhase section */
		A77AC1F82052F8B900015817 /* Sources */ = {
			isa = PBXSourcesBuildPhase;
			buildActionMask = 2147483647;
			files = (
				A77AC2382052F97100015817 /* JsonSerialization.swift in Sources */,
				A77AC23F2052FAA200015817 /* TrackCell.swift in Sources */,
				A77AC2332052F93E00015817 /* TrackDetailViewController.swift in Sources */,
				A77AC23C2052F99E00015817 /* Track.swift in Sources */,
				A77AC2002052F8B900015817 /* AppDelegate.swift in Sources */,
				A77AC22F2052F90600015817 /* Constant.swift in Sources */,
				A77AC2392052F97100015817 /* ServiceManager.swift in Sources */,
				A77AC2342052F93E00015817 /* TrackViewController.swift in Sources */,
			);
			runOnlyForDeploymentPostprocessing = 0;
		};
		A77AC20C2052F8BA00015817 /* Sources */ = {
			isa = PBXSourcesBuildPhase;
			buildActionMask = 2147483647;
			files = (
				A77AC2152052F8BA00015817 /* Rock_TracksTests.swift in Sources */,
			);
			runOnlyForDeploymentPostprocessing = 0;
		};
		A77AC2172052F8BA00015817 /* Sources */ = {
			isa = PBXSourcesBuildPhase;
			buildActionMask = 2147483647;
			files = (
				A77AC2202052F8BA00015817 /* Rock_TracksUITests.swift in Sources */,
			);
			runOnlyForDeploymentPostprocessing = 0;
		};
/* End PBXSourcesBuildPhase section */

/* Begin PBXTargetDependency section */
		A77AC2122052F8BA00015817 /* PBXTargetDependency */ = {
			isa = PBXTargetDependency;
			target = A77AC1FB2052F8B900015817 /* Rock Tracks */;
			targetProxy = A77AC2112052F8BA00015817 /* PBXContainerItemProxy */;
		};
		A77AC21D2052F8BA00015817 /* PBXTargetDependency */ = {
			isa = PBXTargetDependency;
			target = A77AC1FB2052F8B900015817 /* Rock Tracks */;
			targetProxy = A77AC21C2052F8BA00015817 /* PBXContainerItemProxy */;
		};
/* End PBXTargetDependency section */

/* Begin PBXVariantGroup section */
		A77AC2032052F8B900015817 /* Main.storyboard */ = {
			isa = PBXVariantGroup;
			children = (
				A77AC2042052F8B900015817 /* Base */,
			);
			name = Main.storyboard;
			sourceTree = "<group>";
		};
		A77AC2082052F8B900015817 /* LaunchScreen.storyboard */ = {
			isa = PBXVariantGroup;
			children = (
				A77AC2092052F8B900015817 /* Base */,
			);
			name = LaunchScreen.storyboard;
			sourceTree = "<group>";
		};
/* End PBXVariantGroup section */

/* Begin XCBuildConfiguration section */
		A77AC2222052F8BA00015817 /* Debug */ = {
			isa = XCBuildConfiguration;
			buildSettings = {
				ALWAYS_SEARCH_USER_PATHS = NO;
				CLANG_ANALYZER_NONNULL = YES;
				CLANG_ANALYZER_NUMBER_OBJECT_CONVERSION = YES_AGGRESSIVE;
				CLANG_CXX_LANGUAGE_STANDARD = "gnu++14";
				CLANG_CXX_LIBRARY = "libc++";
				CLANG_ENABLE_MODULES = YES;
				CLANG_ENABLE_OBJC_ARC = YES;
				CLANG_WARN_BLOCK_CAPTURE_AUTORELEASING = YES;
				CLANG_WARN_BOOL_CONVERSION = YES;
				CLANG_WARN_COMMA = YES;
				CLANG_WARN_CONSTANT_CONVERSION = YES;
				CLANG_WARN_DIRECT_OBJC_ISA_USAGE = YES_ERROR;
				CLANG_WARN_DOCUMENTATION_COMMENTS = YES;
				CLANG_WARN_EMPTY_BODY = YES;
				CLANG_WARN_ENUM_CONVERSION = YES;
				CLANG_WARN_INFINITE_RECURSION = YES;
				CLANG_WARN_INT_CONVERSION = YES;
				CLANG_WARN_NON_LITERAL_NULL_CONVERSION = YES;
				CLANG_WARN_OBJC_LITERAL_CONVERSION = YES;
				CLANG_WARN_OBJC_ROOT_CLASS = YES_ERROR;
				CLANG_WARN_RANGE_LOOP_ANALYSIS = YES;
				CLANG_WARN_STRICT_PROTOTYPES = YES;
				CLANG_WARN_SUSPICIOUS_MOVE = YES;
				CLANG_WARN_UNGUARDED_AVAILABILITY = YES_AGGRESSIVE;
				CLANG_WARN_UNREACHABLE_CODE = YES;
				CLANG_WARN__DUPLICATE_METHOD_MATCH = YES;
				CODE_SIGN_IDENTITY = "iPhone Developer";
				COPY_PHASE_STRIP = NO;
				DEBUG_INFORMATION_FORMAT = dwarf;
				ENABLE_STRICT_OBJC_MSGSEND = YES;
				ENABLE_TESTABILITY = YES;
				GCC_C_LANGUAGE_STANDARD = gnu11;
				GCC_DYNAMIC_NO_PIC = NO;
				GCC_NO_COMMON_BLOCKS = YES;
				GCC_OPTIMIZATION_LEVEL = 0;
				GCC_PREPROCESSOR_DEFINITIONS = (
					"DEBUG=1",
					"$(inherited)",
				);
				GCC_WARN_64_TO_32_BIT_CONVERSION = YES;
				GCC_WARN_ABOUT_RETURN_TYPE = YES_ERROR;
				GCC_WARN_UNDECLARED_SELECTOR = YES;
				GCC_WARN_UNINITIALIZED_AUTOS = YES_AGGRESSIVE;
				GCC_WARN_UNUSED_FUNCTION = YES;
				GCC_WARN_UNUSED_VARIABLE = YES;
				IPHONEOS_DEPLOYMENT_TARGET = 11.2;
				MTL_ENABLE_DEBUG_INFO = YES;
				ONLY_ACTIVE_ARCH = YES;
				SDKROOT = iphoneos;
				SWIFT_ACTIVE_COMPILATION_CONDITIONS = DEBUG;
				SWIFT_OPTIMIZATION_LEVEL = "-Onone";
			};
			name = Debug;
		};
		A77AC2232052F8BA00015817 /* Release */ = {
			isa = XCBuildConfiguration;
			buildSettings = {
				ALWAYS_SEARCH_USER_PATHS = NO;
				CLANG_ANALYZER_NONNULL = YES;
				CLANG_ANALYZER_NUMBER_OBJECT_CONVERSION = YES_AGGRESSIVE;
				CLANG_CXX_LANGUAGE_STANDARD = "gnu++14";
				CLANG_CXX_LIBRARY = "libc++";
				CLANG_ENABLE_MODULES = YES;
				CLANG_ENABLE_OBJC_ARC = YES;
				CLANG_WARN_BLOCK_CAPTURE_AUTORELEASING = YES;
				CLANG_WARN_BOOL_CONVERSION = YES;
				CLANG_WARN_COMMA = YES;
				CLANG_WARN_CONSTANT_CONVERSION = YES;
				CLANG_WARN_DIRECT_OBJC_ISA_USAGE = YES_ERROR;
				CLANG_WARN_DOCUMENTATION_COMMENTS = YES;
				CLANG_WARN_EMPTY_BODY = YES;
				CLANG_WARN_ENUM_CONVERSION = YES;
				CLANG_WARN_INFINITE_RECURSION = YES;
				CLANG_WARN_INT_CONVERSION = YES;
				CLANG_WARN_NON_LITERAL_NULL_CONVERSION = YES;
				CLANG_WARN_OBJC_LITERAL_CONVERSION = YES;
				CLANG_WARN_OBJC_ROOT_CLASS = YES_ERROR;
				CLANG_WARN_RANGE_LOOP_ANALYSIS = YES;
				CLANG_WARN_STRICT_PROTOTYPES = YES;
				CLANG_WARN_SUSPICIOUS_MOVE = YES;
				CLANG_WARN_UNGUARDED_AVAILABILITY = YES_AGGRESSIVE;
				CLANG_WARN_UNREACHABLE_CODE = YES;
				CLANG_WARN__DUPLICATE_METHOD_MATCH = YES;
				CODE_SIGN_IDENTITY = "iPhone Developer";
				COPY_PHASE_STRIP = NO;
				DEBUG_INFORMATION_FORMAT = "dwarf-with-dsym";
				ENABLE_NS_ASSERTIONS = NO;
				ENABLE_STRICT_OBJC_MSGSEND = YES;
				GCC_C_LANGUAGE_STANDARD = gnu11;
				GCC_NO_COMMON_BLOCKS = YES;
				GCC_WARN_64_TO_32_BIT_CONVERSION = YES;
				GCC_WARN_ABOUT_RETURN_TYPE = YES_ERROR;
				GCC_WARN_UNDECLARED_SELECTOR = YES;
				GCC_WARN_UNINITIALIZED_AUTOS = YES_AGGRESSIVE;
				GCC_WARN_UNUSED_FUNCTION = YES;
				GCC_WARN_UNUSED_VARIABLE = YES;
				IPHONEOS_DEPLOYMENT_TARGET = 11.2;
				MTL_ENABLE_DEBUG_INFO = NO;
				SDKROOT = iphoneos;
				SWIFT_OPTIMIZATION_LEVEL = "-Owholemodule";
				VALIDATE_PRODUCT = YES;
			};
			name = Release;
		};
		A77AC2252052F8BA00015817 /* Debug */ = {
			isa = XCBuildConfiguration;
			buildSettings = {
				ASSETCATALOG_COMPILER_APPICON_NAME = AppIcon;
				CODE_SIGN_IDENTITY = "iPhone Distribution: A-1 Technology Inc";
				"CODE_SIGN_IDENTITY[sdk=iphoneos*]" = "iPhone Distribution: A-1 Technology Inc";
				CODE_SIGN_STYLE = Manual;
				DEVELOPMENT_TEAM = 2KAL3NND99;
				INFOPLIST_FILE = "Rock Tracks/Info.plist";
				IPHONEOS_DEPLOYMENT_TARGET = 9.3;
				LD_RUNPATH_SEARCH_PATHS = "$(inherited) @executable_path/Frameworks";
				PRODUCT_BUNDLE_IDENTIFIER = "com.a1distribute.Rock-Tracks";
				PRODUCT_NAME = "$(TARGET_NAME)";
				PROVISIONING_PROFILE = "e71522c1-6486-4583-83b4-7852a46497e8";
				PROVISIONING_PROFILE_SPECIFIER = Distribute_A1;
				SWIFT_VERSION = 4.0;
				TARGETED_DEVICE_FAMILY = "1,2";
			};
			name = Debug;
		};
		A77AC2262052F8BA00015817 /* Release */ = {
			isa = XCBuildConfiguration;
			buildSettings = {
				ASSETCATALOG_COMPILER_APPICON_NAME = AppIcon;
				CODE_SIGN_IDENTITY = "iPhone Distribution: A-1 Technology Inc";
				"CODE_SIGN_IDENTITY[sdk=iphoneos*]" = "iPhone Distribution: A-1 Technology Inc";
				CODE_SIGN_STYLE = Manual;
				DEVELOPMENT_TEAM = 2KAL3NND99;
				INFOPLIST_FILE = "Rock Tracks/Info.plist";
				IPHONEOS_DEPLOYMENT_TARGET = 9.3;
				LD_RUNPATH_SEARCH_PATHS = "$(inherited) @executable_path/Frameworks";
				PRODUCT_BUNDLE_IDENTIFIER = "com.a1distribute.Rock-Tracks";
				PRODUCT_NAME = "$(TARGET_NAME)";
				PROVISIONING_PROFILE = "e71522c1-6486-4583-83b4-7852a46497e8";
				PROVISIONING_PROFILE_SPECIFIER = Distribute_A1;
				SWIFT_VERSION = 4.0;
				TARGETED_DEVICE_FAMILY = "1,2";
			};
			name = Release;
		};
		A77AC2282052F8BA00015817 /* Debug */ = {
			isa = XCBuildConfiguration;
			buildSettings = {
				ALWAYS_EMBED_SWIFT_STANDARD_LIBRARIES = YES;
				BUNDLE_LOADER = "$(TEST_HOST)";
				CODE_SIGN_STYLE = Automatic;
				INFOPLIST_FILE = "Rock TracksTests/Info.plist";
				LD_RUNPATH_SEARCH_PATHS = "$(inherited) @executable_path/Frameworks @loader_path/Frameworks";
				PRODUCT_BUNDLE_IDENTIFIER = "com.a1distribute.Rock-TracksTests";
				PRODUCT_NAME = "$(TARGET_NAME)";
				SWIFT_VERSION = 4.0;
				TARGETED_DEVICE_FAMILY = "1,2";
				TEST_HOST = "$(BUILT_PRODUCTS_DIR)/Rock Tracks.app/Rock Tracks";
			};
			name = Debug;
		};
		A77AC2292052F8BA00015817 /* Release */ = {
			isa = XCBuildConfiguration;
			buildSettings = {
				ALWAYS_EMBED_SWIFT_STANDARD_LIBRARIES = YES;
				BUNDLE_LOADER = "$(TEST_HOST)";
				CODE_SIGN_STYLE = Automatic;
				INFOPLIST_FILE = "Rock TracksTests/Info.plist";
				LD_RUNPATH_SEARCH_PATHS = "$(inherited) @executable_path/Frameworks @loader_path/Frameworks";
				PRODUCT_BUNDLE_IDENTIFIER = "com.a1distribute.Rock-TracksTests";
				PRODUCT_NAME = "$(TARGET_NAME)";
				SWIFT_VERSION = 4.0;
				TARGETED_DEVICE_FAMILY = "1,2";
				TEST_HOST = "$(BUILT_PRODUCTS_DIR)/Rock Tracks.app/Rock Tracks";
			};
			name = Release;
		};
		A77AC22B2052F8BA00015817 /* Debug */ = {
			isa = XCBuildConfiguration;
			buildSettings = {
				ALWAYS_EMBED_SWIFT_STANDARD_LIBRARIES = YES;
				CODE_SIGN_STYLE = Automatic;
				INFOPLIST_FILE = "Rock TracksUITests/Info.plist";
				LD_RUNPATH_SEARCH_PATHS = "$(inherited) @executable_path/Frameworks @loader_path/Frameworks";
				PRODUCT_BUNDLE_IDENTIFIER = "com.a1distribute.Rock-TracksUITests";
				PRODUCT_NAME = "$(TARGET_NAME)";
				SWIFT_VERSION = 4.0;
				TARGETED_DEVICE_FAMILY = "1,2";
				TEST_TARGET_NAME = "Rock Tracks";
			};
			name = Debug;
		};
		A77AC22C2052F8BA00015817 /* Release */ = {
			isa = XCBuildConfiguration;
			buildSettings = {
				ALWAYS_EMBED_SWIFT_STANDARD_LIBRARIES = YES;
				CODE_SIGN_STYLE = Automatic;
				INFOPLIST_FILE = "Rock TracksUITests/Info.plist";
				LD_RUNPATH_SEARCH_PATHS = "$(inherited) @executable_path/Frameworks @loader_path/Frameworks";
				PRODUCT_BUNDLE_IDENTIFIER = "com.a1distribute.Rock-TracksUITests";
				PRODUCT_NAME = "$(TARGET_NAME)";
				SWIFT_VERSION = 4.0;
				TARGETED_DEVICE_FAMILY = "1,2";
				TEST_TARGET_NAME = "Rock Tracks";
			};
			name = Release;
		};
/* End XCBuildConfiguration section */

/* Begin XCConfigurationList section */
		A77AC1F72052F8B900015817 /* Build configuration list for PBXProject "Rock Tracks" */ = {
			isa = XCConfigurationList;
			buildConfigurations = (
				A77AC2222052F8BA00015817 /* Debug */,
				A77AC2232052F8BA00015817 /* Release */,
			);
			defaultConfigurationIsVisible = 0;
			defaultConfigurationName = Release;
		};
		A77AC2242052F8BA00015817 /* Build configuration list for PBXNativeTarget "Rock Tracks" */ = {
			isa = XCConfigurationList;
			buildConfigurations = (
				A77AC2252052F8BA00015817 /* Debug */,
				A77AC2262052F8BA00015817 /* Release */,
			);
			defaultConfigurationIsVisible = 0;
			defaultConfigurationName = Release;
		};
		A77AC2272052F8BA00015817 /* Build configuration list for PBXNativeTarget "Rock TracksTests" */ = {
			isa = XCConfigurationList;
			buildConfigurations = (
				A77AC2282052F8BA00015817 /* Debug */,
				A77AC2292052F8BA00015817 /* Release */,
			);
			defaultConfigurationIsVisible = 0;
			defaultConfigurationName = Release;
		};
		A77AC22A2052F8BA00015817 /* Build configuration list for PBXNativeTarget "Rock TracksUITests" */ = {
			isa = XCConfigurationList;
			buildConfigurations = (
				A77AC22B2052F8BA00015817 /* Debug */,
				A77AC22C2052F8BA00015817 /* Release */,
			);
			defaultConfigurationIsVisible = 0;
			defaultConfigurationName = Release;
		};
/* End XCConfigurationList section */
	};
	rootObject = A77AC1F42052F8B900015817 /* Project object */;
}
